// !$*UTF8*$!
{
	archiveVersion = 1;
	classes = {
	};
	objectVersion = 48;
	objects = {

/* Begin PBXBuildFile section */
		150EBF1436CCA410F8BBC289 /* Pods_CircleExpandingMenuExample.framework in Frameworks */ = {isa = PBXBuildFile; fileRef = 615260639300664A93FDCED8 /* Pods_CircleExpandingMenuExample.framework */; };
		BD4A3E7C1F833AB200642B28 /* AppDelegate.swift in Sources */ = {isa = PBXBuildFile; fileRef = BD4A3E7B1F833AB200642B28 /* AppDelegate.swift */; };
		BD4A3E7E1F833AB200642B28 /* ViewController.swift in Sources */ = {isa = PBXBuildFile; fileRef = BD4A3E7D1F833AB200642B28 /* ViewController.swift */; };
		BD4A3E811F833AB200642B28 /* Main.storyboard in Resources */ = {isa = PBXBuildFile; fileRef = BD4A3E7F1F833AB200642B28 /* Main.storyboard */; };
		BD4A3E831F833AB200642B28 /* Assets.xcassets in Resources */ = {isa = PBXBuildFile; fileRef = BD4A3E821F833AB200642B28 /* Assets.xcassets */; };
		BD4A3E861F833AB200642B28 /* LaunchScreen.storyboard in Resources */ = {isa = PBXBuildFile; fileRef = BD4A3E841F833AB200642B28 /* LaunchScreen.storyboard */; };
/* End PBXBuildFile section */

/* Begin PBXFileReference section */
		3EE58592338003EC98927E84 /* Pods-CircleExpandingMenuExample.release.xcconfig */ = {isa = PBXFileReference; includeInIndex = 1; lastKnownFileType = text.xcconfig; name = "Pods-CircleExpandingMenuExample.release.xcconfig"; path = "Pods/Target Support Files/Pods-CircleExpandingMenuExample/Pods-CircleExpandingMenuExample.release.xcconfig"; sourceTree = "<group>"; };
		615260639300664A93FDCED8 /* Pods_CircleExpandingMenuExample.framework */ = {isa = PBXFileReference; explicitFileType = wrapper.framework; includeInIndex = 0; path = Pods_CircleExpandingMenuExample.framework; sourceTree = BUILT_PRODUCTS_DIR; };
		A73100D355FCE244172E1433 /* Pods-CircleExpandingMenuExample.debug.xcconfig */ = {isa = PBXFileReference; includeInIndex = 1; lastKnownFileType = text.xcconfig; name = "Pods-CircleExpandingMenuExample.debug.xcconfig"; path = "Pods/Target Support Files/Pods-CircleExpandingMenuExample/Pods-CircleExpandingMenuExample.debug.xcconfig"; sourceTree = "<group>"; };
		BD4A3E781F833AB200642B28 /* CircleExpandingMenuExample.app */ = {isa = PBXFileReference; explicitFileType = wrapper.application; includeInIndex = 0; path = CircleExpandingMenuExample.app; sourceTree = BUILT_PRODUCTS_DIR; };
		BD4A3E7B1F833AB200642B28 /* AppDelegate.swift */ = {isa = PBXFileReference; lastKnownFileType = sourcecode.swift; path = AppDelegate.swift; sourceTree = "<group>"; };
		BD4A3E7D1F833AB200642B28 /* ViewController.swift */ = {isa = PBXFileReference; lastKnownFileType = sourcecode.swift; path = ViewController.swift; sourceTree = "<group>"; };
		BD4A3E801F833AB200642B28 /* Base */ = {isa = PBXFileReference; lastKnownFileType = file.storyboard; name = Base; path = Base.lproj/Main.storyboard; sourceTree = "<group>"; };
		BD4A3E821F833AB200642B28 /* Assets.xcassets */ = {isa = PBXFileReference; lastKnownFileType = folder.assetcatalog; path = Assets.xcassets; sourceTree = "<group>"; };
		BD4A3E851F833AB200642B28 /* Base */ = {isa = PBXFileReference; lastKnownFileType = file.storyboard; name = Base; path = Base.lproj/LaunchScreen.storyboard; sourceTree = "<group>"; };
		BD4A3E871F833AB200642B28 /* Info.plist */ = {isa = PBXFileReference; lastKnownFileType = text.plist.xml; path = Info.plist; sourceTree = "<group>"; };
/* End PBXFileReference section */

/* Begin PBXFrameworksBuildPhase section */
		BD4A3E751F833AB200642B28 /* Frameworks */ = {
			isa = PBXFrameworksBuildPhase;
			buildActionMask = 2147483647;
			files = (
				150EBF1436CCA410F8BBC289 /* Pods_CircleExpandingMenuExample.framework in Frameworks */,
			);
			runOnlyForDeploymentPostprocessing = 0;
		};
/* End PBXFrameworksBuildPhase section */

/* Begin PBXGroup section */
		41083B0845AACEAE1167AC6D /* Pods */ = {
			isa = PBXGroup;
			children = (
				A73100D355FCE244172E1433 /* Pods-CircleExpandingMenuExample.debug.xcconfig */,
				3EE58592338003EC98927E84 /* Pods-CircleExpandingMenuExample.release.xcconfig */,
			);
			name = Pods;
			sourceTree = "<group>";
		};
		72A56F5FF6BD02A72C801888 /* Frameworks */ = {
			isa = PBXGroup;
			children = (
				615260639300664A93FDCED8 /* Pods_CircleExpandingMenuExample.framework */,
			);
			name = Frameworks;
			sourceTree = "<group>";
		};
		BD4A3E6F1F833AB200642B28 = {
			isa = PBXGroup;
			children = (
				BD4A3E7A1F833AB200642B28 /* CircleExpandingMenuExample */,
				BD4A3E791F833AB200642B28 /* Products */,
				41083B0845AACEAE1167AC6D /* Pods */,
				72A56F5FF6BD02A72C801888 /* Frameworks */,
			);
			sourceTree = "<group>";
		};
		BD4A3E791F833AB200642B28 /* Products */ = {
			isa = PBXGroup;
			children = (
				BD4A3E781F833AB200642B28 /* CircleExpandingMenuExample.app */,
			);
			name = Products;
			sourceTree = "<group>";
		};
		BD4A3E7A1F833AB200642B28 /* CircleExpandingMenuExample */ = {
			isa = PBXGroup;
			children = (
				BD4A3E7B1F833AB200642B28 /* AppDelegate.swift */,
				BD4A3E7D1F833AB200642B28 /* ViewController.swift */,
				BD4A3E7F1F833AB200642B28 /* Main.storyboard */,
				BD4A3E821F833AB200642B28 /* Assets.xcassets */,
				BD4A3E841F833AB200642B28 /* LaunchScreen.storyboard */,
				BD4A3E871F833AB200642B28 /* Info.plist */,
			);
			path = CircleExpandingMenuExample;
			sourceTree = "<group>";
		};
/* End PBXGroup section */

/* Begin PBXNativeTarget section */
		BD4A3E771F833AB200642B28 /* CircleExpandingMenuExample */ = {
			isa = PBXNativeTarget;
			buildConfigurationList = BD4A3E8A1F833AB200642B28 /* Build configuration list for PBXNativeTarget "CircleExpandingMenuExample" */;
			buildPhases = (
				9C7AF6A3D93E5207A8823900 /* [CP] Check Pods Manifest.lock */,
				BD4A3E741F833AB200642B28 /* Sources */,
				BD4A3E751F833AB200642B28 /* Frameworks */,
				BD4A3E761F833AB200642B28 /* Resources */,
				BA48582F704E4BBD2C3A987C /* [CP] Embed Pods Frameworks */,
				8A8E002A6C6F3DF6F76D3E82 /* [CP] Copy Pods Resources */,
			);
			buildRules = (
			);
			dependencies = (
			);
			name = CircleExpandingMenuExample;
			productName = CircleExpandingMenuTest;
			productReference = BD4A3E781F833AB200642B28 /* CircleExpandingMenuExample.app */;
			productType = "com.apple.product-type.application";
		};
/* End PBXNativeTarget section */

/* Begin PBXProject section */
		BD4A3E701F833AB200642B28 /* Project object */ = {
			isa = PBXProject;
			attributes = {
				LastSwiftUpdateCheck = 0900;
				LastUpgradeCheck = 0900;
				ORGANIZATIONNAME = "Ted Kim";
				TargetAttributes = {
					BD4A3E771F833AB200642B28 = {
						CreatedOnToolsVersion = 9.0;
						ProvisioningStyle = Automatic;
					};
				};
			};
			buildConfigurationList = BD4A3E731F833AB200642B28 /* Build configuration list for PBXProject "CircleExpandingMenuExample" */;
			compatibilityVersion = "Xcode 8.0";
			developmentRegion = en;
			hasScannedForEncodings = 0;
			knownRegions = (
				en,
				Base,
			);
			mainGroup = BD4A3E6F1F833AB200642B28;
			productRefGroup = BD4A3E791F833AB200642B28 /* Products */;
			projectDirPath = "";
			projectRoot = "";
			targets = (
				BD4A3E771F833AB200642B28 /* CircleExpandingMenuExample */,
			);
		};
/* End PBXProject section */

/* Begin PBXResourcesBuildPhase section */
		BD4A3E761F833AB200642B28 /* Resources */ = {
			isa = PBXResourcesBuildPhase;
			buildActionMask = 2147483647;
			files = (
				BD4A3E861F833AB200642B28 /* LaunchScreen.storyboard in Resources */,
				BD4A3E831F833AB200642B28 /* Assets.xcassets in Resources */,
				BD4A3E811F833AB200642B28 /* Main.storyboard in Resources */,
			);
			runOnlyForDeploymentPostprocessing = 0;
		};
/* End PBXResourcesBuildPhase section */

/* Begin PBXShellScriptBuildPhase section */
		8A8E002A6C6F3DF6F76D3E82 /* [CP] Copy Pods Resources */ = {
			isa = PBXShellScriptBuildPhase;
			buildActionMask = 2147483647;
			files = (
			);
			inputPaths = (
			);
			name = "[CP] Copy Pods Resources";
			outputPaths = (
			);
			runOnlyForDeploymentPostprocessing = 0;
			shellPath = /bin/sh;
			shellScript = "\"${SRCROOT}/Pods/Target Support Files/Pods-CircleExpandingMenuExample/Pods-CircleExpandingMenuExample-resources.sh\"\n";
			showEnvVarsInLog = 0;
		};
		9C7AF6A3D93E5207A8823900 /* [CP] Check Pods Manifest.lock */ = {
			isa = PBXShellScriptBuildPhase;
			buildActionMask = 2147483647;
			files = (
			);
			inputPaths = (
			);
			name = "[CP] Check Pods Manifest.lock";
			outputPaths = (
			);
			runOnlyForDeploymentPostprocessing = 0;
			shellPath = /bin/sh;
			shellScript = "diff \"${PODS_PODFILE_DIR_PATH}/Podfile.lock\" \"${PODS_ROOT}/Manifest.lock\" > /dev/null\nif [ $? != 0 ] ; then\n    # print error to STDERR\n    echo \"error: The sandbox is not in sync with the Podfile.lock. Run 'pod install' or update your CocoaPods installation.\" >&2\n    exit 1\nfi\n";
			showEnvVarsInLog = 0;
		};
		BA48582F704E4BBD2C3A987C /* [CP] Embed Pods Frameworks */ = {
			isa = PBXShellScriptBuildPhase;
			buildActionMask = 2147483647;
			files = (
			);
			inputPaths = (
			);
			name = "[CP] Embed Pods Frameworks";
			outputPaths = (
			);
			runOnlyForDeploymentPostprocessing = 0;
			shellPath = /bin/sh;
			shellScript = "\"${SRCROOT}/Pods/Target Support Files/Pods-CircleExpandingMenuExample/Pods-CircleExpandingMenuExample-frameworks.sh\"\n";
			showEnvVarsInLog = 0;
		};
/* End PBXShellScriptBuildPhase section */

/* Begin PBXSourcesBuildPhase section */
		BD4A3E741F833AB200642B28 /* Sources */ = {
			isa = PBXSourcesBuildPhase;
			buildActionMask = 2147483647;
			files = (
				BD4A3E7E1F833AB200642B28 /* ViewController.swift in Sources */,
				BD4A3E7C1F833AB200642B28 /* AppDelegate.swift in Sources */,
			);
			runOnlyForDeploymentPostprocessing = 0;
		};
/* End PBXSourcesBuildPhase section */

/* Begin PBXVariantGroup section */
		BD4A3E7F1F833AB200642B28 /* Main.storyboard */ = {
			isa = PBXVariantGroup;
			children = (
				BD4A3E801F833AB200642B28 /* Base */,
			);
			name = Main.storyboard;
			sourceTree = "<group>";
		};
		BD4A3E841F833AB200642B28 /* LaunchScreen.storyboard */ = {
			isa = PBXVariantGroup;
			children = (
				BD4A3E851F833AB200642B28 /* Base */,
			);
			name = LaunchScreen.storyboard;
			sourceTree = "<group>";
		};
/* End PBXVariantGroup section */

/* Begin XCBuildConfiguration section */
		BD4A3E881F833AB200642B28 /* Debug */ = {
			isa = XCBuildConfiguration;
			buildSettings = {
				ALWAYS_SEARCH_USER_PATHS = NO;
				CLANG_ANALYZER_NONNULL = YES;
				CLANG_ANALYZER_NUMBER_OBJECT_CONVERSION = YES_AGGRESSIVE;
				CLANG_CXX_LANGUAGE_STANDARD = "gnu++14";
				CLANG_CXX_LIBRARY = "libc++";
				CLANG_ENABLE_MODULES = YES;
				CLANG_ENABLE_OBJC_ARC = YES;
				CLANG_WARN_BLOCK_CAPTURE_AUTORELEASING = YES;
				CLANG_WARN_BOOL_CONVERSION = YES;
				CLANG_WARN_COMMA = YES;
				CLANG_WARN_CONSTANT_CONVERSION = YES;
				CLANG_WARN_DIRECT_OBJC_ISA_USAGE = YES_ERROR;
				CLANG_WARN_DOCUMENTATION_COMMENTS = YES;
				CLANG_WARN_EMPTY_BODY = YES;
				CLANG_WARN_ENUM_CONVERSION = YES;
				CLANG_WARN_INFINITE_RECURSION = YES;
				CLANG_WARN_INT_CONVERSION = YES;
				CLANG_WARN_NON_LITERAL_NULL_CONVERSION = YES;
				CLANG_WARN_OBJC_LITERAL_CONVERSION = YES;
				CLANG_WARN_OBJC_ROOT_CLASS = YES_ERROR;
				CLANG_WARN_RANGE_LOOP_ANALYSIS = YES;
				CLANG_WARN_STRICT_PROTOTYPES = YES;
				CLANG_WARN_SUSPICIOUS_MOVE = YES;
				CLANG_WARN_UNGUARDED_AVAILABILITY = YES_AGGRESSIVE;
				CLANG_WARN_UNREACHABLE_CODE = YES;
				CLANG_WARN__DUPLICATE_METHOD_MATCH = YES;
				CODE_SIGN_IDENTITY = "iPhone Developer";
				COPY_PHASE_STRIP = NO;
				DEBUG_INFORMATION_FORMAT = dwarf;
				ENABLE_STRICT_OBJC_MSGSEND = YES;
				ENABLE_TESTABILITY = YES;
				GCC_C_LANGUAGE_STANDARD = gnu11;
				GCC_DYNAMIC_NO_PIC = NO;
				GCC_NO_COMMON_BLOCKS = YES;
				GCC_OPTIMIZATION_LEVEL = 0;
				GCC_PREPROCESSOR_DEFINITIONS = (
					"DEBUG=1",
					"$(inherited)",
				);
				GCC_WARN_64_TO_32_BIT_CONVERSION = YES;
				GCC_WARN_ABOUT_RETURN_TYPE = YES_ERROR;
				GCC_WARN_UNDECLARED_SELECTOR = YES;
				GCC_WARN_UNINITIALIZED_AUTOS = YES_AGGRESSIVE;
				GCC_WARN_UNUSED_FUNCTION = YES;
				GCC_WARN_UNUSED_VARIABLE = YES;
				IPHONEOS_DEPLOYMENT_TARGET = 9.0;
				MTL_ENABLE_DEBUG_INFO = YES;
				ONLY_ACTIVE_ARCH = YES;
				SDKROOT = iphoneos;
				SWIFT_ACTIVE_COMPILATION_CONDITIONS = DEBUG;
				SWIFT_OPTIMIZATION_LEVEL = "-Onone";
			};
			name = Debug;
		};
		BD4A3E891F833AB200642B28 /* Release */ = {
			isa = XCBuildConfiguration;
			buildSettings = {
				ALWAYS_SEARCH_USER_PATHS = NO;
				CLANG_ANALYZER_NONNULL = YES;
				CLANG_ANALYZER_NUMBER_OBJECT_CONVERSION = YES_AGGRESSIVE;
				CLANG_CXX_LANGUAGE_STANDARD = "gnu++14";
				CLANG_CXX_LIBRARY = "libc++";
				CLANG_ENABLE_MODULES = YES;
				CLANG_ENABLE_OBJC_ARC = YES;
				CLANG_WARN_BLOCK_CAPTURE_AUTORELEASING = YES;
				CLANG_WARN_BOOL_CONVERSION = YES;
				CLANG_WARN_COMMA = YES;
				CLANG_WARN_CONSTANT_CONVERSION = YES;
				CLANG_WARN_DIRECT_OBJC_ISA_USAGE = YES_ERROR;
				CLANG_WARN_DOCUMENTATION_COMMENTS = YES;
				CLANG_WARN_EMPTY_BODY = YES;
				CLANG_WARN_ENUM_CONVERSION = YES;
				CLANG_WARN_INFINITE_RECURSION = YES;
				CLANG_WARN_INT_CONVERSION = YES;
				CLANG_WARN_NON_LITERAL_NULL_CONVERSION = YES;
				CLANG_WARN_OBJC_LITERAL_CONVERSION = YES;
				CLANG_WARN_OBJC_ROOT_CLASS = YES_ERROR;
				CLANG_WARN_RANGE_LOOP_ANALYSIS = YES;
				CLANG_WARN_STRICT_PROTOTYPES = YES;
				CLANG_WARN_SUSPICIOUS_MOVE = YES;
				CLANG_WARN_UNGUARDED_AVAILABILITY = YES_AGGRESSIVE;
				CLANG_WARN_UNREACHABLE_CODE = YES;
				CLANG_WARN__DUPLICATE_METHOD_MATCH = YES;
				CODE_SIGN_IDENTITY = "iPhone Developer";
				COPY_PHASE_STRIP = NO;
				DEBUG_INFORMATION_FORMAT = "dwarf-with-dsym";
				ENABLE_NS_ASSERTIONS = NO;
				ENABLE_STRICT_OBJC_MSGSEND = YES;
				GCC_C_LANGUAGE_STANDARD = gnu11;
				GCC_NO_COMMON_BLOCKS = YES;
				GCC_WARN_64_TO_32_BIT_CONVERSION = YES;
				GCC_WARN_ABOUT_RETURN_TYPE = YES_ERROR;
				GCC_WARN_UNDECLARED_SELECTOR = YES;
				GCC_WARN_UNINITIALIZED_AUTOS = YES_AGGRESSIVE;
				GCC_WARN_UNUSED_FUNCTION = YES;
				GCC_WARN_UNUSED_VARIABLE = YES;
				IPHONEOS_DEPLOYMENT_TARGET = 9.0;
				MTL_ENABLE_DEBUG_INFO = NO;
				SDKROOT = iphoneos;
				SWIFT_OPTIMIZATION_LEVEL = "-Owholemodule";
				VALIDATE_PRODUCT = YES;
			};
			name = Release;
		};
		BD4A3E8B1F833AB200642B28 /* Debug */ = {
			isa = XCBuildConfiguration;
			baseConfigurationReference = A73100D355FCE244172E1433 /* Pods-CircleExpandingMenuExample.debug.xcconfig */;
			buildSettings = {
				ASSETCATALOG_COMPILER_APPICON_NAME = AppIcon;
				CODE_SIGN_STYLE = Automatic;
				DEVELOPMENT_TEAM = 75AF4P3LCH;
				INFOPLIST_FILE = "$(SRCROOT)/CircleExpandingMenuExample/Info.plist";
				IPHONEOS_DEPLOYMENT_TARGET = 9.0;
				LD_RUNPATH_SEARCH_PATHS = "$(inherited) @executable_path/Frameworks";
				PRODUCT_BUNDLE_IDENTIFIER = com.aney00.CircleExpandingMenuExample;
				PRODUCT_NAME = "$(TARGET_NAME)";
				SWIFT_VERSION = 4.0;
				TARGETED_DEVICE_FAMILY = "1,2";
			};
			name = Debug;
		};
		BD4A3E8C1F833AB200642B28 /* Release */ = {
			isa = XCBuildConfiguration;
			baseConfigurationReference = 3EE58592338003EC98927E84 /* Pods-CircleExpandingMenuExample.release.xcconfig */;
			buildSettings = {
				ASSETCATALOG_COMPILER_APPICON_NAME = AppIcon;
				CODE_SIGN_STYLE = Automatic;
				DEVELOPMENT_TEAM = 75AF4P3LCH;
				INFOPLIST_FILE = "$(SRCROOT)/CircleExpandingMenuExample/Info.plist";
				IPHONEOS_DEPLOYMENT_TARGET = 9.0;
				LD_RUNPATH_SEARCH_PATHS = "$(inherited) @executable_path/Frameworks";
				PRODUCT_BUNDLE_IDENTIFIER = com.aney00.CircleExpandingMenuExample;
				PRODUCT_NAME = "$(TARGET_NAME)";
				SWIFT_VERSION = 4.0;
				TARGETED_DEVICE_FAMILY = "1,2";
			};
			name = Release;
		};
/* End XCBuildConfiguration section */

/* Begin XCConfigurationList section */
		BD4A3E731F833AB200642B28 /* Build configuration list for PBXProject "CircleExpandingMenuExample" */ = {
			isa = XCConfigurationList;
			buildConfigurations = (
				BD4A3E881F833AB200642B28 /* Debug */,
				BD4A3E891F833AB200642B28 /* Release */,
			);
			defaultConfigurationIsVisible = 0;
			defaultConfigurationName = Release;
		};
		BD4A3E8A1F833AB200642B28 /* Build configuration list for PBXNativeTarget "CircleExpandingMenuExample" */ = {
			isa = XCConfigurationList;
			buildConfigurations = (
				BD4A3E8B1F833AB200642B28 /* Debug */,
				BD4A3E8C1F833AB200642B28 /* Release */,
			);
			defaultConfigurationIsVisible = 0;
			defaultConfigurationName = Release;
		};
/* End XCConfigurationList section */
	};
	rootObject = BD4A3E701F833AB200642B28 /* Project object */;
}
